<?xml version="1.0" encoding="utf-8"?>
<Project ToolsVersion="4.0" xmlns="http://schemas.microsoft.com/developer/msbuild/2003">
  <ItemGroup>
    <Filter Include="examples">
      <UniqueIdentifier>{8c63a7dc-6b13-448d-9396-51af87699f10}</UniqueIdentifier>
    </Filter>
    <Filter Include="3rdParty">
      <UniqueIdentifier>{96fe51ad-ba0e-400d-a090-ff77eeb0e4c6}</UniqueIdentifier>
    </Filter>
    <Filter Include="source">
      <UniqueIdentifier>{fcdfb416-3f8f-45f3-8ddf-2eafe08cfe06}</UniqueIdentifier>
    </Filter>
    <Filter Include="3rdParty\vulkan">
      <UniqueIdentifier>{7b73ca08-e3fc-47d4-b429-3036d5807370}</UniqueIdentifier>
    </Filter>
    <Filter Include="3rdParty\glfw">
      <UniqueIdentifier>{fcc7e47d-cb40-4fd6-b9af-c1d7a7deb903}</UniqueIdentifier>
    </Filter>
    <Filter Include="3rdParty\glm">
      <UniqueIdentifier>{bd7f15a3-86a4-4d9a-947d-e1349d67cbb7}</UniqueIdentifier>
    </Filter>
    <Filter Include="source\render">
      <UniqueIdentifier>{6e1bcea5-9e12-4119-a76a-785b440764d9}</UniqueIdentifier>
    </Filter>
    <Filter Include="source\render\interface">
      <UniqueIdentifier>{a3959cab-9c60-4b8e-b95e-2e1d7d385e04}</UniqueIdentifier>
    </Filter>
    <Filter Include="source\render\interface\vulkan_rhi">
      <UniqueIdentifier>{bb601fbb-3339-4495-8432-bb5c2a13bab9}</UniqueIdentifier>
    </Filter>
    <Filter Include="source\core">
      <UniqueIdentifier>{6dadcf6a-abf2-4d5a-b299-bb40eda09f63}</UniqueIdentifier>
    </Filter>
    <Filter Include="source\core\base">
      <UniqueIdentifier>{e2e8fcea-c85b-4051-84b0-87fabaada16a}</UniqueIdentifier>
    </Filter>
    <Filter Include="source\core\log">
      <UniqueIdentifier>{45589d0a-d8e7-47c5-b4e2-f53a65efd9d1}</UniqueIdentifier>
    </Filter>
    <Filter Include="source\global">
      <UniqueIdentifier>{6e5ca147-c272-4233-bd6c-3c09490d02f9}</UniqueIdentifier>
    </Filter>
    <Filter Include="3rdParty\vulkanmemoryallocator">
      <UniqueIdentifier>{6d831b7a-5fb7-4f98-84c4-9997313efa50}</UniqueIdentifier>
    </Filter>
    <Filter Include="3rdParty\vulkanmemoryallocator\include">
      <UniqueIdentifier>{e0de24cf-9a16-4e21-ac92-b164d304d766}</UniqueIdentifier>
    </Filter>
    <Filter Include="3rdParty\spdlog">
      <UniqueIdentifier>{df9399a7-1c4c-4d08-bd6a-e3a51ba3b4c2}</UniqueIdentifier>
    </Filter>
    <Filter Include="source\systems">
      <UniqueIdentifier>{40b2c83b-1f97-4460-84b0-e6123e6c38a5}</UniqueIdentifier>
    </Filter>
    <Filter Include="source\shaders">
      <UniqueIdentifier>{f6b25911-2625-4903-88e8-2d22b36036cb}</UniqueIdentifier>
    </Filter>
    <Filter Include="source\shaders\glsl">
      <UniqueIdentifier>{25c97933-27ca-421c-b317-d7ca0142cc18}</UniqueIdentifier>
    </Filter>
    <Filter Include="source\render\debugdraw">
      <UniqueIdentifier>{c8712e07-7166-4826-9bd3-d520476cc839}</UniqueIdentifier>
    </Filter>
    <Filter Include="source\shaders\output">
      <UniqueIdentifier>{ec6693c1-8720-4428-958d-196b9712a2ce}</UniqueIdentifier>
    </Filter>
    <Filter Include="source\render\pipeline">
      <UniqueIdentifier>{75654627-21fd-4f0c-8946-856dcbe738be}</UniqueIdentifier>
    </Filter>
    <Filter Include="source\render\passes">
      <UniqueIdentifier>{e48a9c57-a4ed-465f-b608-cdf1f97bda79}</UniqueIdentifier>
    </Filter>
    <Filter Include="source\core\math">
      <UniqueIdentifier>{b783d807-30aa-42e5-a06e-b10fef96009c}</UniqueIdentifier>
    </Filter>
    <Filter Include="source\core\meta">
      <UniqueIdentifier>{8cc4177f-697c-40c7-8850-c2e648761f12}</UniqueIdentifier>
    </Filter>
    <Filter Include="3rdParty\json11">
      <UniqueIdentifier>{afa4be29-b8e8-45ec-ad71-17a8c4861b44}</UniqueIdentifier>
    </Filter>
  </ItemGroup>
  <ItemGroup>
    <ClCompile Include="examples\test_vulkan_rhi.cpp">
      <Filter>examples</Filter>
    </ClCompile>
    <ClCompile Include="source\render\interface\vulkan_rhi\vulkan_rhi.cpp">
      <Filter>source\render\interface\vulkan_rhi</Filter>
    </ClCompile>
    <ClCompile Include="source\log\log_system.cpp">
      <Filter>source\core\log</Filter>
    </ClCompile>
    <ClCompile Include="source\global\global_context.cpp">
      <Filter>source\global</Filter>
    </ClCompile>
    <ClCompile Include="source\render\interface\vulkan_rhi\vulkan_util.cpp">
      <Filter>source\render\interface\vulkan_rhi</Filter>
    </ClCompile>
    <ClCompile Include="source\render\interface\vulkan_rhi\vulkan_vma.cpp">
      <Filter>source\render\interface\vulkan_rhi</Filter>
    </ClCompile>
    <ClCompile Include="source\render\window_system.cpp">
      <Filter>source\render</Filter>
    </ClCompile>
    <ClCompile Include="source\systems\render_system.cpp">
      <Filter>source\systems</Filter>
    </ClCompile>
    <ClCompile Include="source\Engine.cpp">
      <Filter>source</Filter>
    </ClCompile>
    <ClCompile Include="source\render\debugdraw\DebugDrawManager.cpp">
      <Filter>source\render\debugdraw</Filter>
    </ClCompile>
    <ClCompile Include="source\render\debugdraw\DebugDrawPipeline.cpp">
      <Filter>source\render\debugdraw</Filter>
    </ClCompile>
    <ClCompile Include="source\render\render_pipeline.cpp">
      <Filter>source\render</Filter>
    </ClCompile>
    <ClCompile Include="source\render\render_pipeline_base.h">
      <Filter>source\render</Filter>
    </ClCompile>
    <ClCompile Include="source\render\passes\render_pass.cpp">
      <Filter>source\render\passes</Filter>
    </ClCompile>
    <ClCompile Include="source\render\passes\render_pass_base.cpp">
      <Filter>source\render\passes</Filter>
    </ClCompile>
    <ClCompile Include="render_common.h">
      <Filter>source\render</Filter>
    </ClCompile>
    <ClCompile Include="source\core\math\math.cpp">
      <Filter>source\core\math</Filter>
    </ClCompile>
    <ClCompile Include="source\core\math\matrix3.cpp">
      <Filter>source\core\math</Filter>
    </ClCompile>
    <ClCompile Include="source\core\math\matrix4.cpp">
      <Filter>source\core\math</Filter>
    </ClCompile>
    <ClCompile Include="source\core\math\quaternion.cpp">
      <Filter>source\core\math</Filter>
    </ClCompile>
    <ClCompile Include="source\core\math\vector2.cpp">
      <Filter>source\core\math</Filter>
    </ClCompile>
    <ClCompile Include="source\core\math\vector3.cpp">
      <Filter>source\core\math</Filter>
    </ClCompile>
    <ClCompile Include="source\core\math\vector4.cpp">
      <Filter>source\core\math</Filter>
    </ClCompile>
    <ClCompile Include="source\core\meta\reflection.cpp">
      <Filter>source\core\meta</Filter>
    </ClCompile>
    <ClCompile Include="3rdParty\json11\json11.cpp">
      <Filter>3rdParty\json11</Filter>
    </ClCompile>
    <ClCompile Include="source\render\render_pipeline_base.cpp">
      <Filter>source\render</Filter>
    </ClCompile>
  </ItemGroup>
  <ItemGroup>
    <ClInclude Include="3rdParty\glfw-3.3.8.bin.WIN64\include\GLFW\glfw3.h">
      <Filter>3rdParty\glfw</Filter>
    </ClInclude>
    <ClInclude Include="source\render\interface\vulkan_rhi\vulkan_rhi.h">
      <Filter>source\render\interface\vulkan_rhi</Filter>
    </ClInclude>
    <ClInclude Include="source\render\interface\rhi.h">
      <Filter>source\render\interface</Filter>
    </ClInclude>
    <ClInclude Include="source\core\base\macro.h">
      <Filter>source\core\base</Filter>
    </ClInclude>
    <ClInclude Include="source\log\log_system.h">
      <Filter>source\core\log</Filter>
    </ClInclude>
    <ClInclude Include="source\global\global_context.h">
      <Filter>source\global</Filter>
    </ClInclude>
    <ClInclude Include="source\render\interface\vulkan_rhi\vulkan_rhi_resource.h">
      <Filter>source\render\interface\vulkan_rhi</Filter>
    </ClInclude>
    <ClInclude Include="source\render\interface\vulkan_rhi\vulkan_util.h">
      <Filter>source\render\interface\vulkan_rhi</Filter>
    </ClInclude>
    <ClInclude Include="3rdParty\vulkanmemoryallocator\include\vk_mem_alloc.h">
      <Filter>3rdParty\vulkanmemoryallocator\include</Filter>
    </ClInclude>
    <ClInclude Include="source\render\interface\rhi_struct.h">
      <Filter>source\render\interface</Filter>
    </ClInclude>
    <ClInclude Include="source\render\render_type.h">
      <Filter>source\render</Filter>
    </ClInclude>
    <ClInclude Include="source\core\base\hash.h">
      <Filter>source\core\base</Filter>
    </ClInclude>
    <ClInclude Include="source\render\window_system.h">
      <Filter>source\render</Filter>
    </ClInclude>
    <ClInclude Include="source\systems\render_systems.h">
      <Filter>source\systems</Filter>
    </ClInclude>
    <ClInclude Include="source\Engine.h">
      <Filter>source</Filter>
    </ClInclude>
    <ClInclude Include="source\core\base\helper.hpp">
      <Filter>source\core\base</Filter>
    </ClInclude>
    <ClInclude Include="source\render\debugdraw\DebugDrawPipeline.h">
      <Filter>source\render\debugdraw</Filter>
    </ClInclude>
    <ClInclude Include="source\render\render_pipeline.h">
      <Filter>source\render</Filter>
    </ClInclude>
    <ClInclude Include="source\render\passes\render_pass.h">
      <Filter>source\render\passes</Filter>
    </ClInclude>
    <ClInclude Include="source\render\passes\render_pass_base.h">
      <Filter>source\render\passes</Filter>
    </ClInclude>
    <ClInclude Include="source\core\math\math.h">
      <Filter>source\core\math</Filter>
    </ClInclude>
    <ClInclude Include="source\core\math\math_headers.h">
      <Filter>source\core\math</Filter>
    </ClInclude>
    <ClInclude Include="source\core\math\math_marcos.h">
      <Filter>source\core\math</Filter>
    </ClInclude>
    <ClInclude Include="source\core\math\matrix3.h">
      <Filter>source\core\math</Filter>
    </ClInclude>
    <ClInclude Include="source\core\math\matrix4.h">
      <Filter>source\core\math</Filter>
    </ClInclude>
    <ClInclude Include="source\core\math\quaternion.h">
      <Filter>source\core\math</Filter>
    </ClInclude>
    <ClInclude Include="source\core\math\random.h">
      <Filter>source\core\math</Filter>
    </ClInclude>
    <ClInclude Include="source\core\math\transform.h">
      <Filter>source\core\math</Filter>
    </ClInclude>
    <ClInclude Include="source\core\math\vector2.h">
      <Filter>source\core\math</Filter>
    </ClInclude>
    <ClInclude Include="source\core\math\vector3.h">
      <Filter>source\core\math</Filter>
    </ClInclude>
    <ClInclude Include="source\core\math\vector4.h">
      <Filter>source\core\math</Filter>
    </ClInclude>
    <ClInclude Include="source\core\meta\reflection.h">
      <Filter>source\core\meta</Filter>
    </ClInclude>
    <ClInclude Include="source\core\meta\json.h">
      <Filter>source\core\meta</Filter>
    </ClInclude>
    <ClInclude Include="3rdParty\json11\json11.hpp">
      <Filter>3rdParty\json11</Filter>
    </ClInclude>
  </ItemGroup>
  <ItemGroup>
    <None Include="source\shaders\glsl\debugdraw.frag">
      <Filter>source\shaders\glsl</Filter>
    </None>
    <None Include="source\shaders\glsl\debugdraw.vert">
      <Filter>source\shaders\glsl</Filter>
    </None>
    <None Include="source\shaders\output\debugdraw.frag.spv">
      <Filter>source\shaders\output</Filter>
    </None>
    <None Include="source\shaders\output\debugdraw.vert.spv">
      <Filter>source\shaders\output</Filter>
    </None>
    <None Include="3rdParty\json11\json11.pc.in">
      <Filter>3rdParty\json11</Filter>
    </None>
  </ItemGroup>
</Project>